{
  "name": "cellestial-frontend",
  "version": "0.0.0",
  "lockfileVersion": 3,
  "requires": true,
  "packages": {
    "": {
      "name": "cellestial-frontend",
      "version": "0.0.0"
    }
  },
  "devDependencies": {
    "vite": "^5.0.0",
    "@vitejs/plugin-react": "^4.2.0"
  },
  "scripts": {
    "build": "vite build"
  }
}